
Microsoft Visual Studio Solution File, Format Version 12.00
# Visual Studio 15
VisualStudioVersion = 15.0.27130.2010
MinimumVisualStudioVersion = 10.0.40219.1
Project("{FAE04EC0-301F-11D3-BF4B-00C04F79EFBC}") = "Bitfinex.Net", "Bitfinex.Net\Bitfinex.Net.csproj", "{88C833A6-FD9D-46C5-B2D9-939F295ABBDA}"
EndProject
Project("{FAE04EC0-301F-11D3-BF4B-00C04F79EFBC}") = "ConsoleApp", "ConsoleApp\ConsoleApp.csproj", "{4FD70AC3-DC80-4C38-AE13-E51E66891B8C}"
EndProject
Global
	GlobalSection(SolutionConfigurationPlatforms) = preSolution
		Debug|Any CPU = Debug|Any CPU
		Release|Any CPU = Release|Any CPU
	EndGlobalSection
	GlobalSection(ProjectConfigurationPlatforms) = postSolution
		{88C833A6-FD9D-46C5-B2D9-939F295ABBDA}.Debug|Any CPU.ActiveCfg = Debug|Any CPU
		{88C833A6-FD9D-46C5-B2D9-939F295ABBDA}.Debug|Any CPU.Build.0 = Debug|Any CPU
		{88C833A6-FD9D-46C5-B2D9-939F295ABBDA}.Release|Any CPU.ActiveCfg = Release|Any CPU
		{88C833A6-FD9D-46C5-B2D9-939F295ABBDA}.Release|Any CPU.Build.0 = Release|Any CPU
		{4FD70AC3-DC80-4C38-AE13-E51E66891B8C}.Debug|Any CPU.ActiveCfg = Debug|Any CPU
		{4FD70AC3-DC80-4C38-AE13-E51E66891B8C}.Debug|Any CPU.Build.0 = Debug|Any CPU
		{4FD70AC3-DC80-4C38-AE13-E51E66891B8C}.Release|Any CPU.ActiveCfg = Release|Any CPU
		{4FD70AC3-DC80-4C38-AE13-E51E66891B8C}.Release|Any CPU.Build.0 = Release|Any CPU
	EndGlobalSection
	GlobalSection(SolutionProperties) = preSolution
		HideSolutionNode = FALSE
	EndGlobalSection
	GlobalSection(ExtensibilityGlobals) = postSolution
		SolutionGuid = {F4604A53-9B00-440A-AB4A-C30AB6679760}
	EndGlobalSection
EndGlobal
